
Microsoft Visual Studio Solution File, Format Version 12.00
# Visual Studio Version 16
VisualStudioVersion = 16.0.30413.136
MinimumVisualStudioVersion = 10.0.40219.1
Project("{FAE04EC0-301F-11D3-BF4B-00C04F79EFBC}") = "FYPTimetablingSoftware", "FYPTimetablingSoftware.csproj", "{4F62BD17-5BCB-4491-9253-074FDE19B633}"
EndProject
Global
	GlobalSection(SolutionConfigurationPlatforms) = preSolution
		Debug|Any CPU = Debug|Any CPU
		Release|Any CPU = Release|Any CPU
	EndGlobalSection
	GlobalSection(ProjectConfigurationPlatforms) = postSolution
		{4F62BD17-5BCB-4491-9253-074FDE19B633}.Debug|Any CPU.ActiveCfg = Debug|Any CPU
		{4F62BD17-5BCB-4491-9253-074FDE19B633}.Debug|Any CPU.Build.0 = Debug|Any CPU
		{4F62BD17-5BCB-4491-9253-074FDE19B633}.Release|Any CPU.ActiveCfg = Release|Any CPU
		{4F62BD17-5BCB-4491-9253-074FDE19B633}.Release|Any CPU.Build.0 = Release|Any CPU
	EndGlobalSection
	GlobalSection(SolutionProperties) = preSolution
		HideSolutionNode = FALSE
	EndGlobalSection
	GlobalSection(ExtensibilityGlobals) = postSolution
		SolutionGuid = {DE44DCCC-6684-4F42-9BDD-26D55321D345}
	EndGlobalSection
EndGlobal
